
Microsoft Visual Studio Solution File, Format Version 12.00
# Visual Studio Version 16
VisualStudioVersion = 16.0.29519.87
MinimumVisualStudioVersion = 10.0.40219.1
Project("{9A19103F-16F7-4668-BE54-9A1E7A4F7556}") = "SchoolFinder", "SchoolFinder\SchoolFinder\SchoolFinder.csproj", "{CF65A36E-ACF2-46A5-82FD-FAD4ECB90250}"
EndProject
Project("{FAE04EC0-301F-11D3-BF4B-00C04F79EFBC}") = "SchoolFinder.Android", "SchoolFinder\SchoolFinder.Android\SchoolFinder.Android.csproj", "{AC509E1A-4262-4CCA-8731-F0056E3F2804}"
EndProject
Project("{FAE04EC0-301F-11D3-BF4B-00C04F79EFBC}") = "SchoolFinder.iOS", "SchoolFinder\SchoolFinder.iOS\SchoolFinder.iOS.csproj", "{36854E07-D0AE-48F4-96DE-1FCAF11CCCCB}"
EndProject
Project("{FAE04EC0-301F-11D3-BF4B-00C04F79EFBC}") = "WebAPI", "WebAPI\WebAPI.csproj", "{31AA70E0-CD4B-4B21-968E-E499BDF91447}"
EndProject
Global
	GlobalSection(SolutionConfigurationPlatforms) = preSolution
		Ad-Hoc|Any CPU = Ad-Hoc|Any CPU
		Ad-Hoc|iPhone = Ad-Hoc|iPhone
		Ad-Hoc|iPhoneSimulator = Ad-Hoc|iPhoneSimulator
		AppStore|Any CPU = AppStore|Any CPU
		AppStore|iPhone = AppStore|iPhone
		AppStore|iPhoneSimulator = AppStore|iPhoneSimulator
		Debug|Any CPU = Debug|Any CPU
		Debug|iPhone = Debug|iPhone
		Debug|iPhoneSimulator = Debug|iPhoneSimulator
		Release|Any CPU = Release|Any CPU
		Release|iPhone = Release|iPhone
		Release|iPhoneSimulator = Release|iPhoneSimulator
	EndGlobalSection
	GlobalSection(ProjectConfigurationPlatforms) = postSolution
		{CF65A36E-ACF2-46A5-82FD-FAD4ECB90250}.Ad-Hoc|Any CPU.ActiveCfg = Debug|Any CPU
		{CF65A36E-ACF2-46A5-82FD-FAD4ECB90250}.Ad-Hoc|Any CPU.Build.0 = Debug|Any CPU
		{CF65A36E-ACF2-46A5-82FD-FAD4ECB90250}.Ad-Hoc|iPhone.ActiveCfg = Debug|Any CPU
		{CF65A36E-ACF2-46A5-82FD-FAD4ECB90250}.Ad-Hoc|iPhone.Build.0 = Debug|Any CPU
		{CF65A36E-ACF2-46A5-82FD-FAD4ECB90250}.Ad-Hoc|iPhoneSimulator.ActiveCfg = Debug|Any CPU
		{CF65A36E-ACF2-46A5-82FD-FAD4ECB90250}.Ad-Hoc|iPhoneSimulator.Build.0 = Debug|Any CPU
		{CF65A36E-ACF2-46A5-82FD-FAD4ECB90250}.AppStore|Any CPU.ActiveCfg = Debug|Any CPU
		{CF65A36E-ACF2-46A5-82FD-FAD4ECB90250}.AppStore|Any CPU.Build.0 = Debug|Any CPU
		{CF65A36E-ACF2-46A5-82FD-FAD4ECB90250}.AppStore|iPhone.ActiveCfg = Debug|Any CPU
		{CF65A36E-ACF2-46A5-82FD-FAD4ECB90250}.AppStore|iPhone.Build.0 = Debug|Any CPU
		{CF65A36E-ACF2-46A5-82FD-FAD4ECB90250}.AppStore|iPhoneSimulator.ActiveCfg = Debug|Any CPU
		{CF65A36E-ACF2-46A5-82FD-FAD4ECB90250}.AppStore|iPhoneSimulator.Build.0 = Debug|Any CPU
		{CF65A36E-ACF2-46A5-82FD-FAD4ECB90250}.Debug|Any CPU.ActiveCfg = Debug|Any CPU
		{CF65A36E-ACF2-46A5-82FD-FAD4ECB90250}.Debug|Any CPU.Build.0 = Debug|Any CPU
		{CF65A36E-ACF2-46A5-82FD-FAD4ECB90250}.Debug|iPhone.ActiveCfg = Debug|Any CPU
		{CF65A36E-ACF2-46A5-82FD-FAD4ECB90250}.Debug|iPhone.Build.0 = Debug|Any CPU
		{CF65A36E-ACF2-46A5-82FD-FAD4ECB90250}.Debug|iPhoneSimulator.ActiveCfg = Debug|Any CPU
		{CF65A36E-ACF2-46A5-82FD-FAD4ECB90250}.Debug|iPhoneSimulator.Build.0 = Debug|Any CPU
		{CF65A36E-ACF2-46A5-82FD-FAD4ECB90250}.Release|Any CPU.ActiveCfg = Release|Any CPU
		{CF65A36E-ACF2-46A5-82FD-FAD4ECB90250}.Release|Any CPU.Build.0 = Release|Any CPU
		{CF65A36E-ACF2-46A5-82FD-FAD4ECB90250}.Release|iPhone.ActiveCfg = Release|Any CPU
		{CF65A36E-ACF2-46A5-82FD-FAD4ECB90250}.Release|iPhone.Build.0 = Release|Any CPU
		{CF65A36E-ACF2-46A5-82FD-FAD4ECB90250}.Release|iPhoneSimulator.ActiveCfg = Release|Any CPU
		{CF65A36E-ACF2-46A5-82FD-FAD4ECB90250}.Release|iPhoneSimulator.Build.0 = Release|Any CPU
		{AC509E1A-4262-4CCA-8731-F0056E3F2804}.Ad-Hoc|Any CPU.ActiveCfg = Release|Any CPU
		{AC509E1A-4262-4CCA-8731-F0056E3F2804}.Ad-Hoc|Any CPU.Build.0 = Release|Any CPU
		{AC509E1A-4262-4CCA-8731-F0056E3F2804}.Ad-Hoc|Any CPU.Deploy.0 = Release|Any CPU
		{AC509E1A-4262-4CCA-8731-F0056E3F2804}.Ad-Hoc|iPhone.ActiveCfg = Release|Any CPU
		{AC509E1A-4262-4CCA-8731-F0056E3F2804}.Ad-Hoc|iPhone.Build.0 = Release|Any CPU
		{AC509E1A-4262-4CCA-8731-F0056E3F2804}.Ad-Hoc|iPhone.Deploy.0 = Release|Any CPU
		{AC509E1A-4262-4CCA-8731-F0056E3F2804}.Ad-Hoc|iPhoneSimulator.ActiveCfg = Release|Any CPU
		{AC509E1A-4262-4CCA-8731-F0056E3F2804}.Ad-Hoc|iPhoneSimulator.Build.0 = Release|Any CPU
		{AC509E1A-4262-4CCA-8731-F0056E3F2804}.Ad-Hoc|iPhoneSimulator.Deploy.0 = Release|Any CPU
		{AC509E1A-4262-4CCA-8731-F0056E3F2804}.AppStore|Any CPU.ActiveCfg = Release|Any CPU
		{AC509E1A-4262-4CCA-8731-F0056E3F2804}.AppStore|Any CPU.Build.0 = Release|Any CPU
		{AC509E1A-4262-4CCA-8731-F0056E3F2804}.AppStore|Any CPU.Deploy.0 = Release|Any CPU
		{AC509E1A-4262-4CCA-8731-F0056E3F2804}.AppStore|iPhone.ActiveCfg = Release|Any CPU
		{AC509E1A-4262-4CCA-8731-F0056E3F2804}.AppStore|iPhone.Build.0 = Release|Any CPU
		{AC509E1A-4262-4CCA-8731-F0056E3F2804}.AppStore|iPhone.Deploy.0 = Release|Any CPU
		{AC509E1A-4262-4CCA-8731-F0056E3F2804}.AppStore|iPhoneSimulator.ActiveCfg = Release|Any CPU
		{AC509E1A-4262-4CCA-8731-F0056E3F2804}.AppStore|iPhoneSimulator.Build.0 = Release|Any CPU
		{AC509E1A-4262-4CCA-8731-F0056E3F2804}.AppStore|iPhoneSimulator.Deploy.0 = Release|Any CPU
		{AC509E1A-4262-4CCA-8731-F0056E3F2804}.Debug|Any CPU.ActiveCfg = Debug|Any CPU
		{AC509E1A-4262-4CCA-8731-F0056E3F2804}.Debug|Any CPU.Build.0 = Debug|Any CPU
		{AC509E1A-4262-4CCA-8731-F0056E3F2804}.Debug|Any CPU.Deploy.0 = Debug|Any CPU
		{AC509E1A-4262-4CCA-8731-F0056E3F2804}.Debug|iPhone.ActiveCfg = Debug|Any CPU
		{AC509E1A-4262-4CCA-8731-F0056E3F2804}.Debug|iPhone.Build.0 = Debug|Any CPU
		{AC509E1A-4262-4CCA-8731-F0056E3F2804}.Debug|iPhone.Deploy.0 = Debug|Any CPU
		{AC509E1A-4262-4CCA-8731-F0056E3F2804}.Debug|iPhoneSimulator.ActiveCfg = Debug|Any CPU
		{AC509E1A-4262-4CCA-8731-F0056E3F2804}.Debug|iPhoneSimulator.Build.0 = Debug|Any CPU
		{AC509E1A-4262-4CCA-8731-F0056E3F2804}.Debug|iPhoneSimulator.Deploy.0 = Debug|Any CPU
		{AC509E1A-4262-4CCA-8731-F0056E3F2804}.Release|Any CPU.ActiveCfg = Release|Any CPU
		{AC509E1A-4262-4CCA-8731-F0056E3F2804}.Release|Any CPU.Build.0 = Release|Any CPU
		{AC509E1A-4262-4CCA-8731-F0056E3F2804}.Release|Any CPU.Deploy.0 = Release|Any CPU
		{AC509E1A-4262-4CCA-8731-F0056E3F2804}.Release|iPhone.ActiveCfg = Release|Any CPU
		{AC509E1A-4262-4CCA-8731-F0056E3F2804}.Release|iPhone.Build.0 = Release|Any CPU
		{AC509E1A-4262-4CCA-8731-F0056E3F2804}.Release|iPhone.Deploy.0 = Release|Any CPU
		{AC509E1A-4262-4CCA-8731-F0056E3F2804}.Release|iPhoneSimulator.ActiveCfg = Release|Any CPU
		{AC509E1A-4262-4CCA-8731-F0056E3F2804}.Release|iPhoneSimulator.Build.0 = Release|Any CPU
		{AC509E1A-4262-4CCA-8731-F0056E3F2804}.Release|iPhoneSimulator.Deploy.0 = Release|Any CPU
		{36854E07-D0AE-48F4-96DE-1FCAF11CCCCB}.Ad-Hoc|Any CPU.ActiveCfg = Ad-Hoc|iPhone
		{36854E07-D0AE-48F4-96DE-1FCAF11CCCCB}.Ad-Hoc|iPhone.ActiveCfg = Ad-Hoc|iPhone
		{36854E07-D0AE-48F4-96DE-1FCAF11CCCCB}.Ad-Hoc|iPhone.Build.0 = Ad-Hoc|iPhone
		{36854E07-D0AE-48F4-96DE-1FCAF11CCCCB}.Ad-Hoc|iPhoneSimulator.ActiveCfg = Ad-Hoc|iPhoneSimulator
		{36854E07-D0AE-48F4-96DE-1FCAF11CCCCB}.Ad-Hoc|iPhoneSimulator.Build.0 = Ad-Hoc|iPhoneSimulator
		{36854E07-D0AE-48F4-96DE-1FCAF11CCCCB}.AppStore|Any CPU.ActiveCfg = AppStore|iPhone
		{36854E07-D0AE-48F4-96DE-1FCAF11CCCCB}.AppStore|iPhone.ActiveCfg = AppStore|iPhone
		{36854E07-D0AE-48F4-96DE-1FCAF11CCCCB}.AppStore|iPhone.Build.0 = AppStore|iPhone
		{36854E07-D0AE-48F4-96DE-1FCAF11CCCCB}.AppStore|iPhoneSimulator.ActiveCfg = AppStore|iPhoneSimulator
		{36854E07-D0AE-48F4-96DE-1FCAF11CCCCB}.AppStore|iPhoneSimulator.Build.0 = AppStore|iPhoneSimulator
		{36854E07-D0AE-48F4-96DE-1FCAF11CCCCB}.Debug|Any CPU.ActiveCfg = Debug|iPhone
		{36854E07-D0AE-48F4-96DE-1FCAF11CCCCB}.Debug|iPhone.ActiveCfg = Debug|iPhone
		{36854E07-D0AE-48F4-96DE-1FCAF11CCCCB}.Debug|iPhone.Build.0 = Debug|iPhone
		{36854E07-D0AE-48F4-96DE-1FCAF11CCCCB}.Debug|iPhoneSimulator.ActiveCfg = Debug|iPhoneSimulator
		{36854E07-D0AE-48F4-96DE-1FCAF11CCCCB}.Debug|iPhoneSimulator.Build.0 = Debug|iPhoneSimulator
		{36854E07-D0AE-48F4-96DE-1FCAF11CCCCB}.Release|Any CPU.ActiveCfg = Release|iPhone
		{36854E07-D0AE-48F4-96DE-1FCAF11CCCCB}.Release|iPhone.ActiveCfg = Release|iPhone
		{36854E07-D0AE-48F4-96DE-1FCAF11CCCCB}.Release|iPhone.Build.0 = Release|iPhone
		{36854E07-D0AE-48F4-96DE-1FCAF11CCCCB}.Release|iPhoneSimulator.ActiveCfg = Release|iPhoneSimulator
		{36854E07-D0AE-48F4-96DE-1FCAF11CCCCB}.Release|iPhoneSimulator.Build.0 = Release|iPhoneSimulator
		{31AA70E0-CD4B-4B21-968E-E499BDF91447}.Ad-Hoc|Any CPU.ActiveCfg = Debug|Any CPU
		{31AA70E0-CD4B-4B21-968E-E499BDF91447}.Ad-Hoc|Any CPU.Build.0 = Debug|Any CPU
		{31AA70E0-CD4B-4B21-968E-E499BDF91447}.Ad-Hoc|iPhone.ActiveCfg = Debug|Any CPU
		{31AA70E0-CD4B-4B21-968E-E499BDF91447}.Ad-Hoc|iPhone.Build.0 = Debug|Any CPU
		{31AA70E0-CD4B-4B21-968E-E499BDF91447}.Ad-Hoc|iPhoneSimulator.ActiveCfg = Debug|Any CPU
		{31AA70E0-CD4B-4B21-968E-E499BDF91447}.Ad-Hoc|iPhoneSimulator.Build.0 = Debug|Any CPU
		{31AA70E0-CD4B-4B21-968E-E499BDF91447}.AppStore|Any CPU.ActiveCfg = Debug|Any CPU
		{31AA70E0-CD4B-4B21-968E-E499BDF91447}.AppStore|Any CPU.Build.0 = Debug|Any CPU
		{31AA70E0-CD4B-4B21-968E-E499BDF91447}.AppStore|iPhone.ActiveCfg = Debug|Any CPU
		{31AA70E0-CD4B-4B21-968E-E499BDF91447}.AppStore|iPhone.Build.0 = Debug|Any CPU
		{31AA70E0-CD4B-4B21-968E-E499BDF91447}.AppStore|iPhoneSimulator.ActiveCfg = Debug|Any CPU
		{31AA70E0-CD4B-4B21-968E-E499BDF91447}.AppStore|iPhoneSimulator.Build.0 = Debug|Any CPU
		{31AA70E0-CD4B-4B21-968E-E499BDF91447}.Debug|Any CPU.ActiveCfg = Debug|Any CPU
		{31AA70E0-CD4B-4B21-968E-E499BDF91447}.Debug|Any CPU.Build.0 = Debug|Any CPU
		{31AA70E0-CD4B-4B21-968E-E499BDF91447}.Debug|iPhone.ActiveCfg = Debug|Any CPU
		{31AA70E0-CD4B-4B21-968E-E499BDF91447}.Debug|iPhone.Build.0 = Debug|Any CPU
		{31AA70E0-CD4B-4B21-968E-E499BDF91447}.Debug|iPhoneSimulator.ActiveCfg = Debug|Any CPU
		{31AA70E0-CD4B-4B21-968E-E499BDF91447}.Debug|iPhoneSimulator.Build.0 = Debug|Any CPU
		{31AA70E0-CD4B-4B21-968E-E499BDF91447}.Release|Any CPU.ActiveCfg = Release|Any CPU
		{31AA70E0-CD4B-4B21-968E-E499BDF91447}.Release|Any CPU.Build.0 = Release|Any CPU
		{31AA70E0-CD4B-4B21-968E-E499BDF91447}.Release|iPhone.ActiveCfg = Release|Any CPU
		{31AA70E0-CD4B-4B21-968E-E499BDF91447}.Release|iPhone.Build.0 = Release|Any CPU
		{31AA70E0-CD4B-4B21-968E-E499BDF91447}.Release|iPhoneSimulator.ActiveCfg = Release|Any CPU
		{31AA70E0-CD4B-4B21-968E-E499BDF91447}.Release|iPhoneSimulator.Build.0 = Release|Any CPU
	EndGlobalSection
	GlobalSection(SolutionProperties) = preSolution
		HideSolutionNode = FALSE
	EndGlobalSection
	GlobalSection(ExtensibilityGlobals) = postSolution
		SolutionGuid = {09F4A38D-89B7-47D9-BEE8-EBAADE36C60A}
	EndGlobalSection
EndGlobal
